
Microsoft Visual Studio Solution File, Format Version 12.00
# Visual Studio Version 16
VisualStudioVersion = 16.0.31025.194
MinimumVisualStudioVersion = 10.0.40219.1
Project("{FAE04EC0-301F-11D3-BF4B-00C04F79EFBC}") = "LearningWell", "LearningWell\LearningWell.csproj", "{B61AAA64-DAA3-4125-A03B-5BBC240FD3D8}"
EndProject
Global
	GlobalSection(SolutionConfigurationPlatforms) = preSolution
		Debug|Any CPU = Debug|Any CPU
		Release|Any CPU = Release|Any CPU
	EndGlobalSection
	GlobalSection(ProjectConfigurationPlatforms) = postSolution
		{B61AAA64-DAA3-4125-A03B-5BBC240FD3D8}.Debug|Any CPU.ActiveCfg = Debug|Any CPU
		{B61AAA64-DAA3-4125-A03B-5BBC240FD3D8}.Debug|Any CPU.Build.0 = Debug|Any CPU
		{B61AAA64-DAA3-4125-A03B-5BBC240FD3D8}.Release|Any CPU.ActiveCfg = Release|Any CPU
		{B61AAA64-DAA3-4125-A03B-5BBC240FD3D8}.Release|Any CPU.Build.0 = Release|Any CPU
	EndGlobalSection
	GlobalSection(SolutionProperties) = preSolution
		HideSolutionNode = FALSE
	EndGlobalSection
	GlobalSection(ExtensibilityGlobals) = postSolution
		SolutionGuid = {7D7EF627-FBE4-4881-8039-872735C7FD89}
	EndGlobalSection
EndGlobal
